// !$*UTF8*$!
{
	archiveVersion = 1;
	classes = {
	};
	objectVersion = 50;
	objects = {

/* Begin PBXBuildFile section */
		1AACAF09220DF05B00DB2560 /* AppDelegate.swift in Sources */ = {isa = PBXBuildFile; fileRef = 1AACAF08220DF05B00DB2560 /* AppDelegate.swift */; };
		1AACAF0D220DF05B00DB2560 /* StudioViewController.swift in Sources */ = {isa = PBXBuildFile; fileRef = 1AACAF0C220DF05B00DB2560 /* StudioViewController.swift */; };
		1AACAF10220DF05B00DB2560 /* Main.storyboard in Resources */ = {isa = PBXBuildFile; fileRef = 1AACAF0E220DF05B00DB2560 /* Main.storyboard */; };
		1AACAF12220DF05C00DB2560 /* Assets.xcassets in Resources */ = {isa = PBXBuildFile; fileRef = 1AACAF11220DF05C00DB2560 /* Assets.xcassets */; };
		1AACAF15220DF05C00DB2560 /* LaunchScreen.storyboard in Resources */ = {isa = PBXBuildFile; fileRef = 1AACAF13220DF05C00DB2560 /* LaunchScreen.storyboard */; };
		406D75DF224EAE1700C583B9 /* ToolBarManager.swift in Sources */ = {isa = PBXBuildFile; fileRef = 406D75DE224EAE1700C583B9 /* ToolBarManager.swift */; };
		406D75E1224EB27000C583B9 /* Robot.swift in Sources */ = {isa = PBXBuildFile; fileRef = 406D75E0224EB27000C583B9 /* Robot.swift */; };
		406D75E4224EB36900C583B9 /* HierarchyView.swift in Sources */ = {isa = PBXBuildFile; fileRef = 406D75E3224EB36900C583B9 /* HierarchyView.swift */; };
		406D75E6224EB37600C583B9 /* ToggleToolBarView.swift in Sources */ = {isa = PBXBuildFile; fileRef = 406D75E5224EB37600C583B9 /* ToggleToolBarView.swift */; };
		406D75E8224EBE9600C583B9 /* MovementToolBar.swift in Sources */ = {isa = PBXBuildFile; fileRef = 406D75E7224EBE9600C583B9 /* MovementToolBar.swift */; };
		406D75EA224EC10100C583B9 /* ShapeSelectorToolBar.swift in Sources */ = {isa = PBXBuildFile; fileRef = 406D75E9224EC10100C583B9 /* ShapeSelectorToolBar.swift */; };
		409EBBFC22287744008BC5E7 /* ShapeManager.swift in Sources */ = {isa = PBXBuildFile; fileRef = 409EBBFB22287744008BC5E7 /* ShapeManager.swift */; };
/* End PBXBuildFile section */

/* Begin PBXContainerItemProxy section */
		1AACAF1C220DF05C00DB2560 /* PBXContainerItemProxy */ = {
			isa = PBXContainerItemProxy;
			containerPortal = 1AACAEFD220DF05B00DB2560 /* Project object */;
			proxyType = 1;
			remoteGlobalIDString = 1AACAF04220DF05B00DB2560;
			remoteInfo = SceneKitTry1;
		};
		1AACAF27220DF05C00DB2560 /* PBXContainerItemProxy */ = {
			isa = PBXContainerItemProxy;
			containerPortal = 1AACAEFD220DF05B00DB2560 /* Project object */;
			proxyType = 1;
			remoteGlobalIDString = 1AACAF04220DF05B00DB2560;
			remoteInfo = SceneKitTry1;
		};
/* End PBXContainerItemProxy section */

/* Begin PBXFileReference section */
		1AACAF05220DF05B00DB2560 /* SceneKitTry1.app */ = {isa = PBXFileReference; explicitFileType = wrapper.application; includeInIndex = 0; path = SceneKitTry1.app; sourceTree = BUILT_PRODUCTS_DIR; };
		1AACAF08220DF05B00DB2560 /* AppDelegate.swift */ = {isa = PBXFileReference; lastKnownFileType = sourcecode.swift; path = AppDelegate.swift; sourceTree = "<group>"; };
		1AACAF0C220DF05B00DB2560 /* StudioViewController.swift */ = {isa = PBXFileReference; lastKnownFileType = sourcecode.swift; path = StudioViewController.swift; sourceTree = "<group>"; };
		1AACAF0F220DF05B00DB2560 /* Base */ = {isa = PBXFileReference; lastKnownFileType = file.storyboard; name = Base; path = Base.lproj/Main.storyboard; sourceTree = "<group>"; };
		1AACAF11220DF05C00DB2560 /* Assets.xcassets */ = {isa = PBXFileReference; lastKnownFileType = folder.assetcatalog; path = Assets.xcassets; sourceTree = "<group>"; };
		1AACAF14220DF05C00DB2560 /* Base */ = {isa = PBXFileReference; lastKnownFileType = file.storyboard; name = Base; path = Base.lproj/LaunchScreen.storyboard; sourceTree = "<group>"; };
		1AACAF16220DF05C00DB2560 /* Info.plist */ = {isa = PBXFileReference; lastKnownFileType = text.plist.xml; path = Info.plist; sourceTree = "<group>"; };
		1AACAF1B220DF05C00DB2560 /* SceneKitTry1Tests.xctest */ = {isa = PBXFileReference; explicitFileType = wrapper.cfbundle; includeInIndex = 0; path = SceneKitTry1Tests.xctest; sourceTree = BUILT_PRODUCTS_DIR; };
		1AACAF26220DF05C00DB2560 /* SceneKitTry1UITests.xctest */ = {isa = PBXFileReference; explicitFileType = wrapper.cfbundle; includeInIndex = 0; path = SceneKitTry1UITests.xctest; sourceTree = BUILT_PRODUCTS_DIR; };
		406D75DE224EAE1700C583B9 /* ToolBarManager.swift */ = {isa = PBXFileReference; lastKnownFileType = sourcecode.swift; path = ToolBarManager.swift; sourceTree = "<group>"; };
		406D75E0224EB27000C583B9 /* Robot.swift */ = {isa = PBXFileReference; lastKnownFileType = sourcecode.swift; path = Robot.swift; sourceTree = "<group>"; };
		406D75E3224EB36900C583B9 /* HierarchyView.swift */ = {isa = PBXFileReference; lastKnownFileType = sourcecode.swift; path = HierarchyView.swift; sourceTree = "<group>"; };
		406D75E5224EB37600C583B9 /* ToggleToolBarView.swift */ = {isa = PBXFileReference; lastKnownFileType = sourcecode.swift; path = ToggleToolBarView.swift; sourceTree = "<group>"; };
		406D75E7224EBE9600C583B9 /* MovementToolBar.swift */ = {isa = PBXFileReference; lastKnownFileType = sourcecode.swift; path = MovementToolBar.swift; sourceTree = "<group>"; };
		406D75E9224EC10100C583B9 /* ShapeSelectorToolBar.swift */ = {isa = PBXFileReference; lastKnownFileType = sourcecode.swift; path = ShapeSelectorToolBar.swift; sourceTree = "<group>"; };
		409EBBFB22287744008BC5E7 /* ShapeManager.swift */ = {isa = PBXFileReference; lastKnownFileType = sourcecode.swift; path = ShapeManager.swift; sourceTree = "<group>"; };
/* End PBXFileReference section */

/* Begin PBXFrameworksBuildPhase section */
		1AACAF02220DF05B00DB2560 /* Frameworks */ = {
			isa = PBXFrameworksBuildPhase;
			buildActionMask = 2147483647;
			files = (
			);
			runOnlyForDeploymentPostprocessing = 0;
		};
		1AACAF18220DF05C00DB2560 /* Frameworks */ = {
			isa = PBXFrameworksBuildPhase;
			buildActionMask = 2147483647;
			files = (
			);
			runOnlyForDeploymentPostprocessing = 0;
		};
		1AACAF23220DF05C00DB2560 /* Frameworks */ = {
			isa = PBXFrameworksBuildPhase;
			buildActionMask = 2147483647;
			files = (
			);
			runOnlyForDeploymentPostprocessing = 0;
		};
/* End PBXFrameworksBuildPhase section */

/* Begin PBXGroup section */
		1AACAEFC220DF05B00DB2560 = {
			isa = PBXGroup;
			children = (
				1AACAF07220DF05B00DB2560 /* SceneKitTry1 */,
				1AACAF06220DF05B00DB2560 /* Products */,
			);
			sourceTree = "<group>";
		};
		1AACAF06220DF05B00DB2560 /* Products */ = {
			isa = PBXGroup;
			children = (
				1AACAF05220DF05B00DB2560 /* SceneKitTry1.app */,
				1AACAF1B220DF05C00DB2560 /* SceneKitTry1Tests.xctest */,
				1AACAF26220DF05C00DB2560 /* SceneKitTry1UITests.xctest */,
			);
			name = Products;
			sourceTree = "<group>";
		};
		1AACAF07220DF05B00DB2560 /* SceneKitTry1 */ = {
			isa = PBXGroup;
			children = (
				406D75E2224EB2C900C583B9 /* views */,
				409EBBFA22287736008BC5E7 /* managers */,
				409EBBF722286900008BC5E7 /* toolbars */,
				1AACAF08220DF05B00DB2560 /* AppDelegate.swift */,
				1AACAF0C220DF05B00DB2560 /* StudioViewController.swift */,
				1AACAF0E220DF05B00DB2560 /* Main.storyboard */,
				1AACAF11220DF05C00DB2560 /* Assets.xcassets */,
				1AACAF13220DF05C00DB2560 /* LaunchScreen.storyboard */,
				1AACAF16220DF05C00DB2560 /* Info.plist */,
				406D75E0224EB27000C583B9 /* Robot.swift */,
			);
			path = SceneKitTry1;
			sourceTree = "<group>";
		};
		406D75E2224EB2C900C583B9 /* views */ = {
			isa = PBXGroup;
			children = (
				406D75E3224EB36900C583B9 /* HierarchyView.swift */,
				406D75E5224EB37600C583B9 /* ToggleToolBarView.swift */,
			);
			path = views;
			sourceTree = "<group>";
		};
		409EBBF722286900008BC5E7 /* toolbars */ = {
			isa = PBXGroup;
			children = (
				406D75E7224EBE9600C583B9 /* MovementToolBar.swift */,
				406D75E9224EC10100C583B9 /* ShapeSelectorToolBar.swift */,
			);
			path = toolbars;
			sourceTree = "<group>";
		};
		409EBBFA22287736008BC5E7 /* managers */ = {
			isa = PBXGroup;
			children = (
				409EBBFB22287744008BC5E7 /* ShapeManager.swift */,
				406D75DE224EAE1700C583B9 /* ToolBarManager.swift */,
			);
			path = managers;
			sourceTree = "<group>";
		};
/* End PBXGroup section */

/* Begin PBXNativeTarget section */
		1AACAF04220DF05B00DB2560 /* SceneKitTry1 */ = {
			isa = PBXNativeTarget;
			buildConfigurationList = 1AACAF2F220DF05C00DB2560 /* Build configuration list for PBXNativeTarget "SceneKitTry1" */;
			buildPhases = (
				1AACAF01220DF05B00DB2560 /* Sources */,
				1AACAF02220DF05B00DB2560 /* Frameworks */,
				1AACAF03220DF05B00DB2560 /* Resources */,
			);
			buildRules = (
			);
			dependencies = (
			);
			name = SceneKitTry1;
			productName = SceneKitTry1;
			productReference = 1AACAF05220DF05B00DB2560 /* SceneKitTry1.app */;
			productType = "com.apple.product-type.application";
		};
		1AACAF1A220DF05C00DB2560 /* SceneKitTry1Tests */ = {
			isa = PBXNativeTarget;
			buildConfigurationList = 1AACAF32220DF05C00DB2560 /* Build configuration list for PBXNativeTarget "SceneKitTry1Tests" */;
			buildPhases = (
				1AACAF17220DF05C00DB2560 /* Sources */,
				1AACAF18220DF05C00DB2560 /* Frameworks */,
				1AACAF19220DF05C00DB2560 /* Resources */,
			);
			buildRules = (
			);
			dependencies = (
				1AACAF1D220DF05C00DB2560 /* PBXTargetDependency */,
			);
			name = SceneKitTry1Tests;
			productName = SceneKitTry1Tests;
			productReference = 1AACAF1B220DF05C00DB2560 /* SceneKitTry1Tests.xctest */;
			productType = "com.apple.product-type.bundle.unit-test";
		};
		1AACAF25220DF05C00DB2560 /* SceneKitTry1UITests */ = {
			isa = PBXNativeTarget;
			buildConfigurationList = 1AACAF35220DF05C00DB2560 /* Build configuration list for PBXNativeTarget "SceneKitTry1UITests" */;
			buildPhases = (
				1AACAF22220DF05C00DB2560 /* Sources */,
				1AACAF23220DF05C00DB2560 /* Frameworks */,
				1AACAF24220DF05C00DB2560 /* Resources */,
			);
			buildRules = (
			);
			dependencies = (
				1AACAF28220DF05C00DB2560 /* PBXTargetDependency */,
			);
			name = SceneKitTry1UITests;
			productName = SceneKitTry1UITests;
			productReference = 1AACAF26220DF05C00DB2560 /* SceneKitTry1UITests.xctest */;
			productType = "com.apple.product-type.bundle.ui-testing";
		};
/* End PBXNativeTarget section */

/* Begin PBXProject section */
		1AACAEFD220DF05B00DB2560 /* Project object */ = {
			isa = PBXProject;
			attributes = {
				LastSwiftUpdateCheck = 1010;
				LastUpgradeCheck = 1010;
				ORGANIZATIONNAME = ahollar;
				TargetAttributes = {
					1AACAF04220DF05B00DB2560 = {
						CreatedOnToolsVersion = 10.1;
					};
					1AACAF1A220DF05C00DB2560 = {
						CreatedOnToolsVersion = 10.1;
						TestTargetID = 1AACAF04220DF05B00DB2560;
					};
					1AACAF25220DF05C00DB2560 = {
						CreatedOnToolsVersion = 10.1;
						TestTargetID = 1AACAF04220DF05B00DB2560;
					};
				};
			};
			buildConfigurationList = 1AACAF00220DF05B00DB2560 /* Build configuration list for PBXProject "SceneKitTry1" */;
			compatibilityVersion = "Xcode 9.3";
			developmentRegion = en;
			hasScannedForEncodings = 0;
			knownRegions = (
				en,
				Base,
			);
			mainGroup = 1AACAEFC220DF05B00DB2560;
			productRefGroup = 1AACAF06220DF05B00DB2560 /* Products */;
			projectDirPath = "";
			projectRoot = "";
			targets = (
				1AACAF04220DF05B00DB2560 /* SceneKitTry1 */,
				1AACAF1A220DF05C00DB2560 /* SceneKitTry1Tests */,
				1AACAF25220DF05C00DB2560 /* SceneKitTry1UITests */,
			);
		};
/* End PBXProject section */

/* Begin PBXResourcesBuildPhase section */
		1AACAF03220DF05B00DB2560 /* Resources */ = {
			isa = PBXResourcesBuildPhase;
			buildActionMask = 2147483647;
			files = (
				1AACAF15220DF05C00DB2560 /* LaunchScreen.storyboard in Resources */,
				1AACAF12220DF05C00DB2560 /* Assets.xcassets in Resources */,
				1AACAF10220DF05B00DB2560 /* Main.storyboard in Resources */,
			);
			runOnlyForDeploymentPostprocessing = 0;
		};
		1AACAF19220DF05C00DB2560 /* Resources */ = {
			isa = PBXResourcesBuildPhase;
			buildActionMask = 2147483647;
			files = (
			);
			runOnlyForDeploymentPostprocessing = 0;
		};
		1AACAF24220DF05C00DB2560 /* Resources */ = {
			isa = PBXResourcesBuildPhase;
			buildActionMask = 2147483647;
			files = (
			);
			runOnlyForDeploymentPostprocessing = 0;
		};
/* End PBXResourcesBuildPhase section */

/* Begin PBXSourcesBuildPhase section */
		1AACAF01220DF05B00DB2560 /* Sources */ = {
			isa = PBXSourcesBuildPhase;
			buildActionMask = 2147483647;
			files = (
				406D75E1224EB27000C583B9 /* Robot.swift in Sources */,
				409EBBFC22287744008BC5E7 /* ShapeManager.swift in Sources */,
				406D75E4224EB36900C583B9 /* HierarchyView.swift in Sources */,
				406D75E6224EB37600C583B9 /* ToggleToolBarView.swift in Sources */,
				1AACAF0D220DF05B00DB2560 /* StudioViewController.swift in Sources */,
				406D75EA224EC10100C583B9 /* ShapeSelectorToolBar.swift in Sources */,
				406D75DF224EAE1700C583B9 /* ToolBarManager.swift in Sources */,
				406D75E8224EBE9600C583B9 /* MovementToolBar.swift in Sources */,
				1AACAF09220DF05B00DB2560 /* AppDelegate.swift in Sources */,
			);
			runOnlyForDeploymentPostprocessing = 0;
		};
		1AACAF17220DF05C00DB2560 /* Sources */ = {
			isa = PBXSourcesBuildPhase;
			buildActionMask = 2147483647;
			files = (
			);
			runOnlyForDeploymentPostprocessing = 0;
		};
		1AACAF22220DF05C00DB2560 /* Sources */ = {
			isa = PBXSourcesBuildPhase;
			buildActionMask = 2147483647;
			files = (
			);
			runOnlyForDeploymentPostprocessing = 0;
		};
/* End PBXSourcesBuildPhase section */

/* Begin PBXTargetDependency section */
		1AACAF1D220DF05C00DB2560 /* PBXTargetDependency */ = {
			isa = PBXTargetDependency;
			target = 1AACAF04220DF05B00DB2560 /* SceneKitTry1 */;
			targetProxy = 1AACAF1C220DF05C00DB2560 /* PBXContainerItemProxy */;
		};
		1AACAF28220DF05C00DB2560 /* PBXTargetDependency */ = {
			isa = PBXTargetDependency;
			target = 1AACAF04220DF05B00DB2560 /* SceneKitTry1 */;
			targetProxy = 1AACAF27220DF05C00DB2560 /* PBXContainerItemProxy */;
		};
/* End PBXTargetDependency section */

/* Begin PBXVariantGroup section */
		1AACAF0E220DF05B00DB2560 /* Main.storyboard */ = {
			isa = PBXVariantGroup;
			children = (
				1AACAF0F220DF05B00DB2560 /* Base */,
			);
			name = Main.storyboard;
			sourceTree = "<group>";
		};
		1AACAF13220DF05C00DB2560 /* LaunchScreen.storyboard */ = {
			isa = PBXVariantGroup;
			children = (
				1AACAF14220DF05C00DB2560 /* Base */,
			);
			name = LaunchScreen.storyboard;
			sourceTree = "<group>";
		};
/* End PBXVariantGroup section */

/* Begin XCBuildConfiguration section */
		1AACAF2D220DF05C00DB2560 /* Debug */ = {
			isa = XCBuildConfiguration;
			buildSettings = {
				ALWAYS_SEARCH_USER_PATHS = NO;
				CLANG_ANALYZER_NONNULL = YES;
				CLANG_ANALYZER_NUMBER_OBJECT_CONVERSION = YES_AGGRESSIVE;
				CLANG_CXX_LANGUAGE_STANDARD = "gnu++14";
				CLANG_CXX_LIBRARY = "libc++";
				CLANG_ENABLE_MODULES = YES;
				CLANG_ENABLE_OBJC_ARC = YES;
				CLANG_ENABLE_OBJC_WEAK = YES;
				CLANG_WARN_BLOCK_CAPTURE_AUTORELEASING = YES;
				CLANG_WARN_BOOL_CONVERSION = YES;
				CLANG_WARN_COMMA = YES;
				CLANG_WARN_CONSTANT_CONVERSION = YES;
				CLANG_WARN_DEPRECATED_OBJC_IMPLEMENTATIONS = YES;
				CLANG_WARN_DIRECT_OBJC_ISA_USAGE = YES_ERROR;
				CLANG_WARN_DOCUMENTATION_COMMENTS = YES;
				CLANG_WARN_EMPTY_BODY = YES;
				CLANG_WARN_ENUM_CONVERSION = YES;
				CLANG_WARN_INFINITE_RECURSION = YES;
				CLANG_WARN_INT_CONVERSION = YES;
				CLANG_WARN_NON_LITERAL_NULL_CONVERSION = YES;
				CLANG_WARN_OBJC_IMPLICIT_RETAIN_SELF = YES;
				CLANG_WARN_OBJC_LITERAL_CONVERSION = YES;
				CLANG_WARN_OBJC_ROOT_CLASS = YES_ERROR;
				CLANG_WARN_RANGE_LOOP_ANALYSIS = YES;
				CLANG_WARN_STRICT_PROTOTYPES = YES;
				CLANG_WARN_SUSPICIOUS_MOVE = YES;
				CLANG_WARN_UNGUARDED_AVAILABILITY = YES_AGGRESSIVE;
				CLANG_WARN_UNREACHABLE_CODE = YES;
				CLANG_WARN__DUPLICATE_METHOD_MATCH = YES;
				CODE_SIGN_IDENTITY = "iPhone Developer";
				COPY_PHASE_STRIP = NO;
				DEBUG_INFORMATION_FORMAT = dwarf;
				ENABLE_STRICT_OBJC_MSGSEND = YES;
				ENABLE_TESTABILITY = YES;
				GCC_C_LANGUAGE_STANDARD = gnu11;
				GCC_DYNAMIC_NO_PIC = NO;
				GCC_NO_COMMON_BLOCKS = YES;
				GCC_OPTIMIZATION_LEVEL = 0;
				GCC_PREPROCESSOR_DEFINITIONS = (
					"DEBUG=1",
					"$(inherited)",
				);
				GCC_WARN_64_TO_32_BIT_CONVERSION = YES;
				GCC_WARN_ABOUT_RETURN_TYPE = YES_ERROR;
				GCC_WARN_UNDECLARED_SELECTOR = YES;
				GCC_WARN_UNINITIALIZED_AUTOS = YES_AGGRESSIVE;
				GCC_WARN_UNUSED_FUNCTION = YES;
				GCC_WARN_UNUSED_VARIABLE = YES;
				IPHONEOS_DEPLOYMENT_TARGET = 12.1;
				MTL_ENABLE_DEBUG_INFO = INCLUDE_SOURCE;
				MTL_FAST_MATH = YES;
				ONLY_ACTIVE_ARCH = YES;
				SDKROOT = iphoneos;
				SWIFT_ACTIVE_COMPILATION_CONDITIONS = DEBUG;
				SWIFT_OPTIMIZATION_LEVEL = "-Onone";
			};
			name = Debug;
		};
		1AACAF2E220DF05C00DB2560 /* Release */ = {
			isa = XCBuildConfiguration;
			buildSettings = {
				ALWAYS_SEARCH_USER_PATHS = NO;
				CLANG_ANALYZER_NONNULL = YES;
				CLANG_ANALYZER_NUMBER_OBJECT_CONVERSION = YES_AGGRESSIVE;
				CLANG_CXX_LANGUAGE_STANDARD = "gnu++14";
				CLANG_CXX_LIBRARY = "libc++";
				CLANG_ENABLE_MODULES = YES;
				CLANG_ENABLE_OBJC_ARC = YES;
				CLANG_ENABLE_OBJC_WEAK = YES;
				CLANG_WARN_BLOCK_CAPTURE_AUTORELEASING = YES;
				CLANG_WARN_BOOL_CONVERSION = YES;
				CLANG_WARN_COMMA = YES;
				CLANG_WARN_CONSTANT_CONVERSION = YES;
				CLANG_WARN_DEPRECATED_OBJC_IMPLEMENTATIONS = YES;
				CLANG_WARN_DIRECT_OBJC_ISA_USAGE = YES_ERROR;
				CLANG_WARN_DOCUMENTATION_COMMENTS = YES;
				CLANG_WARN_EMPTY_BODY = YES;
				CLANG_WARN_ENUM_CONVERSION = YES;
				CLANG_WARN_INFINITE_RECURSION = YES;
				CLANG_WARN_INT_CONVERSION = YES;
				CLANG_WARN_NON_LITERAL_NULL_CONVERSION = YES;
				CLANG_WARN_OBJC_IMPLICIT_RETAIN_SELF = YES;
				CLANG_WARN_OBJC_LITERAL_CONVERSION = YES;
				CLANG_WARN_OBJC_ROOT_CLASS = YES_ERROR;
				CLANG_WARN_RANGE_LOOP_ANALYSIS = YES;
				CLANG_WARN_STRICT_PROTOTYPES = YES;
				CLANG_WARN_SUSPICIOUS_MOVE = YES;
				CLANG_WARN_UNGUARDED_AVAILABILITY = YES_AGGRESSIVE;
				CLANG_WARN_UNREACHABLE_CODE = YES;
				CLANG_WARN__DUPLICATE_METHOD_MATCH = YES;
				CODE_SIGN_IDENTITY = "iPhone Developer";
				COPY_PHASE_STRIP = NO;
				DEBUG_INFORMATION_FORMAT = "dwarf-with-dsym";
				ENABLE_NS_ASSERTIONS = NO;
				ENABLE_STRICT_OBJC_MSGSEND = YES;
				GCC_C_LANGUAGE_STANDARD = gnu11;
				GCC_NO_COMMON_BLOCKS = YES;
				GCC_WARN_64_TO_32_BIT_CONVERSION = YES;
				GCC_WARN_ABOUT_RETURN_TYPE = YES_ERROR;
				GCC_WARN_UNDECLARED_SELECTOR = YES;
				GCC_WARN_UNINITIALIZED_AUTOS = YES_AGGRESSIVE;
				GCC_WARN_UNUSED_FUNCTION = YES;
				GCC_WARN_UNUSED_VARIABLE = YES;
				IPHONEOS_DEPLOYMENT_TARGET = 12.1;
				MTL_ENABLE_DEBUG_INFO = NO;
				MTL_FAST_MATH = YES;
				SDKROOT = iphoneos;
				SWIFT_COMPILATION_MODE = wholemodule;
				SWIFT_OPTIMIZATION_LEVEL = "-O";
				VALIDATE_PRODUCT = YES;
			};
			name = Release;
		};
		1AACAF30220DF05C00DB2560 /* Debug */ = {
			isa = XCBuildConfiguration;
			buildSettings = {
				ASSETCATALOG_COMPILER_APPICON_NAME = AppIcon;
				CODE_SIGN_STYLE = Automatic;
				INFOPLIST_FILE = SceneKitTry1/Info.plist;
				LD_RUNPATH_SEARCH_PATHS = (
					"$(inherited)",
					"@executable_path/Frameworks",
				);
				PRODUCT_BUNDLE_IDENTIFIER = com.example.ahollar.SceneKitTry1;
				PRODUCT_NAME = "$(TARGET_NAME)";
				SWIFT_VERSION = 4.2;
				TARGETED_DEVICE_FAMILY = "1,2";
			};
			name = Debug;
		};
		1AACAF31220DF05C00DB2560 /* Release */ = {
			isa = XCBuildConfiguration;
			buildSettings = {
				ASSETCATALOG_COMPILER_APPICON_NAME = AppIcon;
				CODE_SIGN_STYLE = Automatic;
				INFOPLIST_FILE = SceneKitTry1/Info.plist;
				LD_RUNPATH_SEARCH_PATHS = (
					"$(inherited)",
					"@executable_path/Frameworks",
				);
				PRODUCT_BUNDLE_IDENTIFIER = com.example.ahollar.SceneKitTry1;
				PRODUCT_NAME = "$(TARGET_NAME)";
				SWIFT_VERSION = 4.2;
				TARGETED_DEVICE_FAMILY = "1,2";
			};
			name = Release;
		};
		1AACAF33220DF05C00DB2560 /* Debug */ = {
			isa = XCBuildConfiguration;
			buildSettings = {
				ALWAYS_EMBED_SWIFT_STANDARD_LIBRARIES = YES;
				BUNDLE_LOADER = "$(TEST_HOST)";
				CODE_SIGN_STYLE = Automatic;
				INFOPLIST_FILE = SceneKitTry1Tests/Info.plist;
				LD_RUNPATH_SEARCH_PATHS = (
					"$(inherited)",
					"@executable_path/Frameworks",
					"@loader_path/Frameworks",
				);
				PRODUCT_BUNDLE_IDENTIFIER = com.example.ahollar.SceneKitTry1Tests;
				PRODUCT_NAME = "$(TARGET_NAME)";
				SWIFT_VERSION = 4.2;
				TARGETED_DEVICE_FAMILY = "1,2";
				TEST_HOST = "$(BUILT_PRODUCTS_DIR)/SceneKitTry1.app/SceneKitTry1";
			};
			name = Debug;
		};
		1AACAF34220DF05C00DB2560 /* Release */ = {
			isa = XCBuildConfiguration;
			buildSettings = {
				ALWAYS_EMBED_SWIFT_STANDARD_LIBRARIES = YES;
				BUNDLE_LOADER = "$(TEST_HOST)";
				CODE_SIGN_STYLE = Automatic;
				INFOPLIST_FILE = SceneKitTry1Tests/Info.plist;
				LD_RUNPATH_SEARCH_PATHS = (
					"$(inherited)",
					"@executable_path/Frameworks",
					"@loader_path/Frameworks",
				);
				PRODUCT_BUNDLE_IDENTIFIER = com.example.ahollar.SceneKitTry1Tests;
				PRODUCT_NAME = "$(TARGET_NAME)";
				SWIFT_VERSION = 4.2;
				TARGETED_DEVICE_FAMILY = "1,2";
				TEST_HOST = "$(BUILT_PRODUCTS_DIR)/SceneKitTry1.app/SceneKitTry1";
			};
			name = Release;
		};
		1AACAF36220DF05C00DB2560 /* Debug */ = {
			isa = XCBuildConfiguration;
			buildSettings = {
				ALWAYS_EMBED_SWIFT_STANDARD_LIBRARIES = YES;
				CODE_SIGN_STYLE = Automatic;
				INFOPLIST_FILE = SceneKitTry1UITests/Info.plist;
				LD_RUNPATH_SEARCH_PATHS = (
					"$(inherited)",
					"@executable_path/Frameworks",
					"@loader_path/Frameworks",
				);
				PRODUCT_BUNDLE_IDENTIFIER = com.example.ahollar.SceneKitTry1UITests;
				PRODUCT_NAME = "$(TARGET_NAME)";
				SWIFT_VERSION = 4.2;
				TARGETED_DEVICE_FAMILY = "1,2";
				TEST_TARGET_NAME = SceneKitTry1;
			};
			name = Debug;
		};
		1AACAF37220DF05C00DB2560 /* Release */ = {
			isa = XCBuildConfiguration;
			buildSettings = {
				ALWAYS_EMBED_SWIFT_STANDARD_LIBRARIES = YES;
				CODE_SIGN_STYLE = Automatic;
				INFOPLIST_FILE = SceneKitTry1UITests/Info.plist;
				LD_RUNPATH_SEARCH_PATHS = (
					"$(inherited)",
					"@executable_path/Frameworks",
					"@loader_path/Frameworks",
				);
				PRODUCT_BUNDLE_IDENTIFIER = com.example.ahollar.SceneKitTry1UITests;
				PRODUCT_NAME = "$(TARGET_NAME)";
				SWIFT_VERSION = 4.2;
				TARGETED_DEVICE_FAMILY = "1,2";
				TEST_TARGET_NAME = SceneKitTry1;
			};
			name = Release;
		};
/* End XCBuildConfiguration section */

/* Begin XCConfigurationList section */
		1AACAF00220DF05B00DB2560 /* Build configuration list for PBXProject "SceneKitTry1" */ = {
			isa = XCConfigurationList;
			buildConfigurations = (
				1AACAF2D220DF05C00DB2560 /* Debug */,
				1AACAF2E220DF05C00DB2560 /* Release */,
			);
			defaultConfigurationIsVisible = 0;
			defaultConfigurationName = Release;
		};
		1AACAF2F220DF05C00DB2560 /* Build configuration list for PBXNativeTarget "SceneKitTry1" */ = {
			isa = XCConfigurationList;
			buildConfigurations = (
				1AACAF30220DF05C00DB2560 /* Debug */,
				1AACAF31220DF05C00DB2560 /* Release */,
			);
			defaultConfigurationIsVisible = 0;
			defaultConfigurationName = Release;
		};
		1AACAF32220DF05C00DB2560 /* Build configuration list for PBXNativeTarget "SceneKitTry1Tests" */ = {
			isa = XCConfigurationList;
			buildConfigurations = (
				1AACAF33220DF05C00DB2560 /* Debug */,
				1AACAF34220DF05C00DB2560 /* Release */,
			);
			defaultConfigurationIsVisible = 0;
			defaultConfigurationName = Release;
		};
		1AACAF35220DF05C00DB2560 /* Build configuration list for PBXNativeTarget "SceneKitTry1UITests" */ = {
			isa = XCConfigurationList;
			buildConfigurations = (
				1AACAF36220DF05C00DB2560 /* Debug */,
				1AACAF37220DF05C00DB2560 /* Release */,
			);
			defaultConfigurationIsVisible = 0;
			defaultConfigurationName = Release;
		};
/* End XCConfigurationList section */
	};
	rootObject = 1AACAEFD220DF05B00DB2560 /* Project object */;
}
